
Microsoft Visual Studio Solution File, Format Version 12.00
# Visual Studio Version 17
VisualStudioVersion = 17.1.32228.430
MinimumVisualStudioVersion = 10.0.40219.1
Project("{FAE04EC0-301F-11D3-BF4B-00C04F79EFBC}") = "PokeCSharp.UI", "PokeCSharp.UI\PokeCSharp.UI.csproj", "{78ADE969-289D-4D35-8EC5-38C882CF087F}"
EndProject
Project("{FAE04EC0-301F-11D3-BF4B-00C04F79EFBC}") = "PokeCSharp.DataAccess", "PokeCSharp.DataAccess\PokeCSharp.DataAccess.csproj", "{602AABDB-5CDD-4D39-BC9D-E91713974ACD}"
EndProject
Project("{FAE04EC0-301F-11D3-BF4B-00C04F79EFBC}") = "PokeCSharp.Models", "PokeCSharp.Models\PokeCSharp.Models.csproj", "{70900AB3-3218-46D0-A70C-73AC72258CCF}"
EndProject
Global
	GlobalSection(SolutionConfigurationPlatforms) = preSolution
		Debug|Any CPU = Debug|Any CPU
		Release|Any CPU = Release|Any CPU
	EndGlobalSection
	GlobalSection(ProjectConfigurationPlatforms) = postSolution
		{78ADE969-289D-4D35-8EC5-38C882CF087F}.Debug|Any CPU.ActiveCfg = Debug|Any CPU
		{78ADE969-289D-4D35-8EC5-38C882CF087F}.Debug|Any CPU.Build.0 = Debug|Any CPU
		{78ADE969-289D-4D35-8EC5-38C882CF087F}.Release|Any CPU.ActiveCfg = Release|Any CPU
		{78ADE969-289D-4D35-8EC5-38C882CF087F}.Release|Any CPU.Build.0 = Release|Any CPU
		{602AABDB-5CDD-4D39-BC9D-E91713974ACD}.Debug|Any CPU.ActiveCfg = Debug|Any CPU
		{602AABDB-5CDD-4D39-BC9D-E91713974ACD}.Debug|Any CPU.Build.0 = Debug|Any CPU
		{602AABDB-5CDD-4D39-BC9D-E91713974ACD}.Release|Any CPU.ActiveCfg = Release|Any CPU
		{602AABDB-5CDD-4D39-BC9D-E91713974ACD}.Release|Any CPU.Build.0 = Release|Any CPU
		{70900AB3-3218-46D0-A70C-73AC72258CCF}.Debug|Any CPU.ActiveCfg = Debug|Any CPU
		{70900AB3-3218-46D0-A70C-73AC72258CCF}.Debug|Any CPU.Build.0 = Debug|Any CPU
		{70900AB3-3218-46D0-A70C-73AC72258CCF}.Release|Any CPU.ActiveCfg = Release|Any CPU
		{70900AB3-3218-46D0-A70C-73AC72258CCF}.Release|Any CPU.Build.0 = Release|Any CPU
	EndGlobalSection
	GlobalSection(SolutionProperties) = preSolution
		HideSolutionNode = FALSE
	EndGlobalSection
	GlobalSection(ExtensibilityGlobals) = postSolution
		SolutionGuid = {327E084B-5B2F-4F8A-B35E-ECDD95C02637}
	EndGlobalSection
EndGlobal
